// !$*UTF8*$!
{
	archiveVersion = 1;
	classes = {
	};
	objectVersion = 56;
	objects = {

/* Begin PBXBuildFile section */
		65C74DE12ADD7AF2001456F3 /* AppDelegate.swift in Sources */ = {isa = PBXBuildFile; fileRef = 65C74DE02ADD7AF2001456F3 /* AppDelegate.swift */; };
		65C74DE32ADD7AF2001456F3 /* SceneDelegate.swift in Sources */ = {isa = PBXBuildFile; fileRef = 65C74DE22ADD7AF2001456F3 /* SceneDelegate.swift */; };
		65C74DE52ADD7AF2001456F3 /* MainTabBarViewController.swift in Sources */ = {isa = PBXBuildFile; fileRef = 65C74DE42ADD7AF2001456F3 /* MainTabBarViewController.swift */; };
		65C74DEA2ADD7AF3001456F3 /* Assets.xcassets in Resources */ = {isa = PBXBuildFile; fileRef = 65C74DE92ADD7AF3001456F3 /* Assets.xcassets */; };
		65C74DED2ADD7AF3001456F3 /* LaunchScreen.storyboard in Resources */ = {isa = PBXBuildFile; fileRef = 65C74DEB2ADD7AF3001456F3 /* LaunchScreen.storyboard */; };
		65C74DF82ADD7AF3001456F3 /* Netflix_CloneTests.swift in Sources */ = {isa = PBXBuildFile; fileRef = 65C74DF72ADD7AF3001456F3 /* Netflix_CloneTests.swift */; };
		65C74E022ADD7AF3001456F3 /* Netflix_CloneUITests.swift in Sources */ = {isa = PBXBuildFile; fileRef = 65C74E012ADD7AF3001456F3 /* Netflix_CloneUITests.swift */; };
		65C74E042ADD7AF3001456F3 /* Netflix_CloneUITestsLaunchTests.swift in Sources */ = {isa = PBXBuildFile; fileRef = 65C74E032ADD7AF3001456F3 /* Netflix_CloneUITestsLaunchTests.swift */; };
		65C74E122ADD8156001456F3 /* HomeViewController.swift in Sources */ = {isa = PBXBuildFile; fileRef = 65C74E112ADD8156001456F3 /* HomeViewController.swift */; };
		65C74E142ADD817A001456F3 /* UpcomingViewController.swift in Sources */ = {isa = PBXBuildFile; fileRef = 65C74E132ADD817A001456F3 /* UpcomingViewController.swift */; };
		65C74E162ADD819B001456F3 /* SearchViewController.swift in Sources */ = {isa = PBXBuildFile; fileRef = 65C74E152ADD819B001456F3 /* SearchViewController.swift */; };
		65C74E182ADD81B1001456F3 /* DownloadsViewController.swift in Sources */ = {isa = PBXBuildFile; fileRef = 65C74E172ADD81B1001456F3 /* DownloadsViewController.swift */; };
		65FD3B372AE175E9001F740F /* CollectionTableViewCell.swift in Sources */ = {isa = PBXBuildFile; fileRef = 65FD3B362AE175E9001F740F /* CollectionTableViewCell.swift */; };
/* End PBXBuildFile section */

/* Begin PBXContainerItemProxy section */
		65C74DF42ADD7AF3001456F3 /* PBXContainerItemProxy */ = {
			isa = PBXContainerItemProxy;
			containerPortal = 65C74DD52ADD7AF2001456F3 /* Project object */;
			proxyType = 1;
			remoteGlobalIDString = 65C74DDC2ADD7AF2001456F3;
			remoteInfo = "Netflix Clone";
		};
		65C74DFE2ADD7AF3001456F3 /* PBXContainerItemProxy */ = {
			isa = PBXContainerItemProxy;
			containerPortal = 65C74DD52ADD7AF2001456F3 /* Project object */;
			proxyType = 1;
			remoteGlobalIDString = 65C74DDC2ADD7AF2001456F3;
			remoteInfo = "Netflix Clone";
		};
/* End PBXContainerItemProxy section */

/* Begin PBXFileReference section */
		65C74DDD2ADD7AF2001456F3 /* Netflix Clone.app */ = {isa = PBXFileReference; explicitFileType = wrapper.application; includeInIndex = 0; path = "Netflix Clone.app"; sourceTree = BUILT_PRODUCTS_DIR; };
		65C74DE02ADD7AF2001456F3 /* AppDelegate.swift */ = {isa = PBXFileReference; lastKnownFileType = sourcecode.swift; path = AppDelegate.swift; sourceTree = "<group>"; };
		65C74DE22ADD7AF2001456F3 /* SceneDelegate.swift */ = {isa = PBXFileReference; lastKnownFileType = sourcecode.swift; path = SceneDelegate.swift; sourceTree = "<group>"; };
		65C74DE42ADD7AF2001456F3 /* MainTabBarViewController.swift */ = {isa = PBXFileReference; lastKnownFileType = sourcecode.swift; path = MainTabBarViewController.swift; sourceTree = "<group>"; };
		65C74DE92ADD7AF3001456F3 /* Assets.xcassets */ = {isa = PBXFileReference; lastKnownFileType = folder.assetcatalog; path = Assets.xcassets; sourceTree = "<group>"; };
		65C74DEC2ADD7AF3001456F3 /* Base */ = {isa = PBXFileReference; lastKnownFileType = file.storyboard; name = Base; path = Base.lproj/LaunchScreen.storyboard; sourceTree = "<group>"; };
		65C74DEE2ADD7AF3001456F3 /* Info.plist */ = {isa = PBXFileReference; lastKnownFileType = text.plist.xml; path = Info.plist; sourceTree = "<group>"; };
		65C74DF32ADD7AF3001456F3 /* Netflix CloneTests.xctest */ = {isa = PBXFileReference; explicitFileType = wrapper.cfbundle; includeInIndex = 0; path = "Netflix CloneTests.xctest"; sourceTree = BUILT_PRODUCTS_DIR; };
		65C74DF72ADD7AF3001456F3 /* Netflix_CloneTests.swift */ = {isa = PBXFileReference; lastKnownFileType = sourcecode.swift; path = Netflix_CloneTests.swift; sourceTree = "<group>"; };
		65C74DFD2ADD7AF3001456F3 /* Netflix CloneUITests.xctest */ = {isa = PBXFileReference; explicitFileType = wrapper.cfbundle; includeInIndex = 0; path = "Netflix CloneUITests.xctest"; sourceTree = BUILT_PRODUCTS_DIR; };
		65C74E012ADD7AF3001456F3 /* Netflix_CloneUITests.swift */ = {isa = PBXFileReference; lastKnownFileType = sourcecode.swift; path = Netflix_CloneUITests.swift; sourceTree = "<group>"; };
		65C74E032ADD7AF3001456F3 /* Netflix_CloneUITestsLaunchTests.swift */ = {isa = PBXFileReference; lastKnownFileType = sourcecode.swift; path = Netflix_CloneUITestsLaunchTests.swift; sourceTree = "<group>"; };
		65C74E112ADD8156001456F3 /* HomeViewController.swift */ = {isa = PBXFileReference; lastKnownFileType = sourcecode.swift; path = HomeViewController.swift; sourceTree = "<group>"; };
		65C74E132ADD817A001456F3 /* UpcomingViewController.swift */ = {isa = PBXFileReference; lastKnownFileType = sourcecode.swift; path = UpcomingViewController.swift; sourceTree = "<group>"; };
		65C74E152ADD819B001456F3 /* SearchViewController.swift */ = {isa = PBXFileReference; lastKnownFileType = sourcecode.swift; path = SearchViewController.swift; sourceTree = "<group>"; };
		65C74E172ADD81B1001456F3 /* DownloadsViewController.swift */ = {isa = PBXFileReference; lastKnownFileType = sourcecode.swift; path = DownloadsViewController.swift; sourceTree = "<group>"; };
		65FD3B362AE175E9001F740F /* CollectionTableViewCell.swift */ = {isa = PBXFileReference; lastKnownFileType = sourcecode.swift; path = CollectionTableViewCell.swift; sourceTree = "<group>"; };
/* End PBXFileReference section */

/* Begin PBXFrameworksBuildPhase section */
		65C74DDA2ADD7AF2001456F3 /* Frameworks */ = {
			isa = PBXFrameworksBuildPhase;
			buildActionMask = 2147483647;
			files = (
			);
			runOnlyForDeploymentPostprocessing = 0;
		};
		65C74DF02ADD7AF3001456F3 /* Frameworks */ = {
			isa = PBXFrameworksBuildPhase;
			buildActionMask = 2147483647;
			files = (
			);
			runOnlyForDeploymentPostprocessing = 0;
		};
		65C74DFA2ADD7AF3001456F3 /* Frameworks */ = {
			isa = PBXFrameworksBuildPhase;
			buildActionMask = 2147483647;
			files = (
			);
			runOnlyForDeploymentPostprocessing = 0;
		};
/* End PBXFrameworksBuildPhase section */

/* Begin PBXGroup section */
		65C74DD42ADD7AF2001456F3 = {
			isa = PBXGroup;
			children = (
				65C74DDF2ADD7AF2001456F3 /* Netflix Clone */,
				65C74DF62ADD7AF3001456F3 /* Netflix CloneTests */,
				65C74E002ADD7AF3001456F3 /* Netflix CloneUITests */,
				65C74DDE2ADD7AF2001456F3 /* Products */,
			);
			sourceTree = "<group>";
		};
		65C74DDE2ADD7AF2001456F3 /* Products */ = {
			isa = PBXGroup;
			children = (
				65C74DDD2ADD7AF2001456F3 /* Netflix Clone.app */,
				65C74DF32ADD7AF3001456F3 /* Netflix CloneTests.xctest */,
				65C74DFD2ADD7AF3001456F3 /* Netflix CloneUITests.xctest */,
			);
			name = Products;
			sourceTree = "<group>";
		};
		65C74DDF2ADD7AF2001456F3 /* Netflix Clone */ = {
			isa = PBXGroup;
			children = (
				65FD3B352AE17555001F740F /* Managers */,
				65FD3B342AE17515001F740F /* Resources */,
				65FD3B332AE1750B001F740F /* Models */,
				65FD3B322AE174FF001F740F /* Views */,
				65FD3B312AE174F0001F740F /* ViewModels */,
				65C74E102ADD811C001456F3 /* Controllers */,
				65C74DE02ADD7AF2001456F3 /* AppDelegate.swift */,
				65C74DE22ADD7AF2001456F3 /* SceneDelegate.swift */,
				65C74DE42ADD7AF2001456F3 /* MainTabBarViewController.swift */,
				65C74DE92ADD7AF3001456F3 /* Assets.xcassets */,
				65C74DEB2ADD7AF3001456F3 /* LaunchScreen.storyboard */,
				65C74DEE2ADD7AF3001456F3 /* Info.plist */,
			);
			path = "Netflix Clone";
			sourceTree = "<group>";
		};
		65C74DF62ADD7AF3001456F3 /* Netflix CloneTests */ = {
			isa = PBXGroup;
			children = (
				65C74DF72ADD7AF3001456F3 /* Netflix_CloneTests.swift */,
			);
			path = "Netflix CloneTests";
			sourceTree = "<group>";
		};
		65C74E002ADD7AF3001456F3 /* Netflix CloneUITests */ = {
			isa = PBXGroup;
			children = (
				65C74E012ADD7AF3001456F3 /* Netflix_CloneUITests.swift */,
				65C74E032ADD7AF3001456F3 /* Netflix_CloneUITestsLaunchTests.swift */,
			);
			path = "Netflix CloneUITests";
			sourceTree = "<group>";
		};
		65C74E102ADD811C001456F3 /* Controllers */ = {
			isa = PBXGroup;
			children = (
				65C74E112ADD8156001456F3 /* HomeViewController.swift */,
				65C74E132ADD817A001456F3 /* UpcomingViewController.swift */,
				65C74E152ADD819B001456F3 /* SearchViewController.swift */,
				65C74E172ADD81B1001456F3 /* DownloadsViewController.swift */,
			);
			path = Controllers;
			sourceTree = "<group>";
		};
		65FD3B312AE174F0001F740F /* ViewModels */ = {
			isa = PBXGroup;
			children = (
			);
			path = ViewModels;
			sourceTree = "<group>";
		};
		65FD3B322AE174FF001F740F /* Views */ = {
			isa = PBXGroup;
			children = (
				65FD3B362AE175E9001F740F /* CollectionTableViewCell.swift */,
			);
			path = Views;
			sourceTree = "<group>";
		};
		65FD3B332AE1750B001F740F /* Models */ = {
			isa = PBXGroup;
			children = (
			);
			path = Models;
			sourceTree = "<group>";
		};
		65FD3B342AE17515001F740F /* Resources */ = {
			isa = PBXGroup;
			children = (
			);
			path = Resources;
			sourceTree = "<group>";
		};
		65FD3B352AE17555001F740F /* Managers */ = {
			isa = PBXGroup;
			children = (
			);
			path = Managers;
			sourceTree = "<group>";
		};
/* End PBXGroup section */

/* Begin PBXNativeTarget section */
		65C74DDC2ADD7AF2001456F3 /* Netflix Clone */ = {
			isa = PBXNativeTarget;
			buildConfigurationList = 65C74E072ADD7AF3001456F3 /* Build configuration list for PBXNativeTarget "Netflix Clone" */;
			buildPhases = (
				65C74DD92ADD7AF2001456F3 /* Sources */,
				65C74DDA2ADD7AF2001456F3 /* Frameworks */,
				65C74DDB2ADD7AF2001456F3 /* Resources */,
			);
			buildRules = (
			);
			dependencies = (
			);
			name = "Netflix Clone";
			productName = "Netflix Clone";
			productReference = 65C74DDD2ADD7AF2001456F3 /* Netflix Clone.app */;
			productType = "com.apple.product-type.application";
		};
		65C74DF22ADD7AF3001456F3 /* Netflix CloneTests */ = {
			isa = PBXNativeTarget;
			buildConfigurationList = 65C74E0A2ADD7AF3001456F3 /* Build configuration list for PBXNativeTarget "Netflix CloneTests" */;
			buildPhases = (
				65C74DEF2ADD7AF3001456F3 /* Sources */,
				65C74DF02ADD7AF3001456F3 /* Frameworks */,
				65C74DF12ADD7AF3001456F3 /* Resources */,
			);
			buildRules = (
			);
			dependencies = (
				65C74DF52ADD7AF3001456F3 /* PBXTargetDependency */,
			);
			name = "Netflix CloneTests";
			productName = "Netflix CloneTests";
			productReference = 65C74DF32ADD7AF3001456F3 /* Netflix CloneTests.xctest */;
			productType = "com.apple.product-type.bundle.unit-test";
		};
		65C74DFC2ADD7AF3001456F3 /* Netflix CloneUITests */ = {
			isa = PBXNativeTarget;
			buildConfigurationList = 65C74E0D2ADD7AF3001456F3 /* Build configuration list for PBXNativeTarget "Netflix CloneUITests" */;
			buildPhases = (
				65C74DF92ADD7AF3001456F3 /* Sources */,
				65C74DFA2ADD7AF3001456F3 /* Frameworks */,
				65C74DFB2ADD7AF3001456F3 /* Resources */,
			);
			buildRules = (
			);
			dependencies = (
				65C74DFF2ADD7AF3001456F3 /* PBXTargetDependency */,
			);
			name = "Netflix CloneUITests";
			productName = "Netflix CloneUITests";
			productReference = 65C74DFD2ADD7AF3001456F3 /* Netflix CloneUITests.xctest */;
			productType = "com.apple.product-type.bundle.ui-testing";
		};
/* End PBXNativeTarget section */

/* Begin PBXProject section */
		65C74DD52ADD7AF2001456F3 /* Project object */ = {
			isa = PBXProject;
			attributes = {
				BuildIndependentTargetsInParallel = 1;
				LastSwiftUpdateCheck = 1430;
				LastUpgradeCheck = 1430;
				TargetAttributes = {
					65C74DDC2ADD7AF2001456F3 = {
						CreatedOnToolsVersion = 14.3.1;
					};
					65C74DF22ADD7AF3001456F3 = {
						CreatedOnToolsVersion = 14.3.1;
						TestTargetID = 65C74DDC2ADD7AF2001456F3;
					};
					65C74DFC2ADD7AF3001456F3 = {
						CreatedOnToolsVersion = 14.3.1;
						TestTargetID = 65C74DDC2ADD7AF2001456F3;
					};
				};
			};
			buildConfigurationList = 65C74DD82ADD7AF2001456F3 /* Build configuration list for PBXProject "Netflix Clone" */;
			compatibilityVersion = "Xcode 14.0";
			developmentRegion = en;
			hasScannedForEncodings = 0;
			knownRegions = (
				en,
				Base,
			);
			mainGroup = 65C74DD42ADD7AF2001456F3;
			productRefGroup = 65C74DDE2ADD7AF2001456F3 /* Products */;
			projectDirPath = "";
			projectRoot = "";
			targets = (
				65C74DDC2ADD7AF2001456F3 /* Netflix Clone */,
				65C74DF22ADD7AF3001456F3 /* Netflix CloneTests */,
				65C74DFC2ADD7AF3001456F3 /* Netflix CloneUITests */,
			);
		};
/* End PBXProject section */

/* Begin PBXResourcesBuildPhase section */
		65C74DDB2ADD7AF2001456F3 /* Resources */ = {
			isa = PBXResourcesBuildPhase;
			buildActionMask = 2147483647;
			files = (
				65C74DED2ADD7AF3001456F3 /* LaunchScreen.storyboard in Resources */,
				65C74DEA2ADD7AF3001456F3 /* Assets.xcassets in Resources */,
			);
			runOnlyForDeploymentPostprocessing = 0;
		};
		65C74DF12ADD7AF3001456F3 /* Resources */ = {
			isa = PBXResourcesBuildPhase;
			buildActionMask = 2147483647;
			files = (
			);
			runOnlyForDeploymentPostprocessing = 0;
		};
		65C74DFB2ADD7AF3001456F3 /* Resources */ = {
			isa = PBXResourcesBuildPhase;
			buildActionMask = 2147483647;
			files = (
			);
			runOnlyForDeploymentPostprocessing = 0;
		};
/* End PBXResourcesBuildPhase section */

/* Begin PBXSourcesBuildPhase section */
		65C74DD92ADD7AF2001456F3 /* Sources */ = {
			isa = PBXSourcesBuildPhase;
			buildActionMask = 2147483647;
			files = (
				65FD3B372AE175E9001F740F /* CollectionTableViewCell.swift in Sources */,
				65C74E162ADD819B001456F3 /* SearchViewController.swift in Sources */,
				65C74DE52ADD7AF2001456F3 /* MainTabBarViewController.swift in Sources */,
				65C74E182ADD81B1001456F3 /* DownloadsViewController.swift in Sources */,
				65C74DE12ADD7AF2001456F3 /* AppDelegate.swift in Sources */,
				65C74DE32ADD7AF2001456F3 /* SceneDelegate.swift in Sources */,
				65C74E142ADD817A001456F3 /* UpcomingViewController.swift in Sources */,
				65C74E122ADD8156001456F3 /* HomeViewController.swift in Sources */,
			);
			runOnlyForDeploymentPostprocessing = 0;
		};
		65C74DEF2ADD7AF3001456F3 /* Sources */ = {
			isa = PBXSourcesBuildPhase;
			buildActionMask = 2147483647;
			files = (
				65C74DF82ADD7AF3001456F3 /* Netflix_CloneTests.swift in Sources */,
			);
			runOnlyForDeploymentPostprocessing = 0;
		};
		65C74DF92ADD7AF3001456F3 /* Sources */ = {
			isa = PBXSourcesBuildPhase;
			buildActionMask = 2147483647;
			files = (
				65C74E022ADD7AF3001456F3 /* Netflix_CloneUITests.swift in Sources */,
				65C74E042ADD7AF3001456F3 /* Netflix_CloneUITestsLaunchTests.swift in Sources */,
			);
			runOnlyForDeploymentPostprocessing = 0;
		};
/* End PBXSourcesBuildPhase section */

/* Begin PBXTargetDependency section */
		65C74DF52ADD7AF3001456F3 /* PBXTargetDependency */ = {
			isa = PBXTargetDependency;
			target = 65C74DDC2ADD7AF2001456F3 /* Netflix Clone */;
			targetProxy = 65C74DF42ADD7AF3001456F3 /* PBXContainerItemProxy */;
		};
		65C74DFF2ADD7AF3001456F3 /* PBXTargetDependency */ = {
			isa = PBXTargetDependency;
			target = 65C74DDC2ADD7AF2001456F3 /* Netflix Clone */;
			targetProxy = 65C74DFE2ADD7AF3001456F3 /* PBXContainerItemProxy */;
		};
/* End PBXTargetDependency section */

/* Begin PBXVariantGroup section */
		65C74DEB2ADD7AF3001456F3 /* LaunchScreen.storyboard */ = {
			isa = PBXVariantGroup;
			children = (
				65C74DEC2ADD7AF3001456F3 /* Base */,
			);
			name = LaunchScreen.storyboard;
			sourceTree = "<group>";
		};
/* End PBXVariantGroup section */

/* Begin XCBuildConfiguration section */
		65C74E052ADD7AF3001456F3 /* Debug */ = {
			isa = XCBuildConfiguration;
			buildSettings = {
				ALWAYS_SEARCH_USER_PATHS = NO;
				CLANG_ANALYZER_NONNULL = YES;
				CLANG_ANALYZER_NUMBER_OBJECT_CONVERSION = YES_AGGRESSIVE;
				CLANG_CXX_LANGUAGE_STANDARD = "gnu++20";
				CLANG_ENABLE_MODULES = YES;
				CLANG_ENABLE_OBJC_ARC = YES;
				CLANG_ENABLE_OBJC_WEAK = YES;
				CLANG_WARN_BLOCK_CAPTURE_AUTORELEASING = YES;
				CLANG_WARN_BOOL_CONVERSION = YES;
				CLANG_WARN_COMMA = YES;
				CLANG_WARN_CONSTANT_CONVERSION = YES;
				CLANG_WARN_DEPRECATED_OBJC_IMPLEMENTATIONS = YES;
				CLANG_WARN_DIRECT_OBJC_ISA_USAGE = YES_ERROR;
				CLANG_WARN_DOCUMENTATION_COMMENTS = YES;
				CLANG_WARN_EMPTY_BODY = YES;
				CLANG_WARN_ENUM_CONVERSION = YES;
				CLANG_WARN_INFINITE_RECURSION = YES;
				CLANG_WARN_INT_CONVERSION = YES;
				CLANG_WARN_NON_LITERAL_NULL_CONVERSION = YES;
				CLANG_WARN_OBJC_IMPLICIT_RETAIN_SELF = YES;
				CLANG_WARN_OBJC_LITERAL_CONVERSION = YES;
				CLANG_WARN_OBJC_ROOT_CLASS = YES_ERROR;
				CLANG_WARN_QUOTED_INCLUDE_IN_FRAMEWORK_HEADER = YES;
				CLANG_WARN_RANGE_LOOP_ANALYSIS = YES;
				CLANG_WARN_STRICT_PROTOTYPES = YES;
				CLANG_WARN_SUSPICIOUS_MOVE = YES;
				CLANG_WARN_UNGUARDED_AVAILABILITY = YES_AGGRESSIVE;
				CLANG_WARN_UNREACHABLE_CODE = YES;
				CLANG_WARN__DUPLICATE_METHOD_MATCH = YES;
				COPY_PHASE_STRIP = NO;
				DEBUG_INFORMATION_FORMAT = dwarf;
				ENABLE_STRICT_OBJC_MSGSEND = YES;
				ENABLE_TESTABILITY = YES;
				GCC_C_LANGUAGE_STANDARD = gnu11;
				GCC_DYNAMIC_NO_PIC = NO;
				GCC_NO_COMMON_BLOCKS = YES;
				GCC_OPTIMIZATION_LEVEL = 0;
				GCC_PREPROCESSOR_DEFINITIONS = (
					"DEBUG=1",
					"$(inherited)",
				);
				GCC_WARN_64_TO_32_BIT_CONVERSION = YES;
				GCC_WARN_ABOUT_RETURN_TYPE = YES_ERROR;
				GCC_WARN_UNDECLARED_SELECTOR = YES;
				GCC_WARN_UNINITIALIZED_AUTOS = YES_AGGRESSIVE;
				GCC_WARN_UNUSED_FUNCTION = YES;
				GCC_WARN_UNUSED_VARIABLE = YES;
				IPHONEOS_DEPLOYMENT_TARGET = 16.4;
				MTL_ENABLE_DEBUG_INFO = INCLUDE_SOURCE;
				MTL_FAST_MATH = YES;
				ONLY_ACTIVE_ARCH = YES;
				SDKROOT = iphoneos;
				SWIFT_ACTIVE_COMPILATION_CONDITIONS = DEBUG;
				SWIFT_OPTIMIZATION_LEVEL = "-Onone";
			};
			name = Debug;
		};
		65C74E062ADD7AF3001456F3 /* Release */ = {
			isa = XCBuildConfiguration;
			buildSettings = {
				ALWAYS_SEARCH_USER_PATHS = NO;
				CLANG_ANALYZER_NONNULL = YES;
				CLANG_ANALYZER_NUMBER_OBJECT_CONVERSION = YES_AGGRESSIVE;
				CLANG_CXX_LANGUAGE_STANDARD = "gnu++20";
				CLANG_ENABLE_MODULES = YES;
				CLANG_ENABLE_OBJC_ARC = YES;
				CLANG_ENABLE_OBJC_WEAK = YES;
				CLANG_WARN_BLOCK_CAPTURE_AUTORELEASING = YES;
				CLANG_WARN_BOOL_CONVERSION = YES;
				CLANG_WARN_COMMA = YES;
				CLANG_WARN_CONSTANT_CONVERSION = YES;
				CLANG_WARN_DEPRECATED_OBJC_IMPLEMENTATIONS = YES;
				CLANG_WARN_DIRECT_OBJC_ISA_USAGE = YES_ERROR;
				CLANG_WARN_DOCUMENTATION_COMMENTS = YES;
				CLANG_WARN_EMPTY_BODY = YES;
				CLANG_WARN_ENUM_CONVERSION = YES;
				CLANG_WARN_INFINITE_RECURSION = YES;
				CLANG_WARN_INT_CONVERSION = YES;
				CLANG_WARN_NON_LITERAL_NULL_CONVERSION = YES;
				CLANG_WARN_OBJC_IMPLICIT_RETAIN_SELF = YES;
				CLANG_WARN_OBJC_LITERAL_CONVERSION = YES;
				CLANG_WARN_OBJC_ROOT_CLASS = YES_ERROR;
				CLANG_WARN_QUOTED_INCLUDE_IN_FRAMEWORK_HEADER = YES;
				CLANG_WARN_RANGE_LOOP_ANALYSIS = YES;
				CLANG_WARN_STRICT_PROTOTYPES = YES;
				CLANG_WARN_SUSPICIOUS_MOVE = YES;
				CLANG_WARN_UNGUARDED_AVAILABILITY = YES_AGGRESSIVE;
				CLANG_WARN_UNREACHABLE_CODE = YES;
				CLANG_WARN__DUPLICATE_METHOD_MATCH = YES;
				COPY_PHASE_STRIP = NO;
				DEBUG_INFORMATION_FORMAT = "dwarf-with-dsym";
				ENABLE_NS_ASSERTIONS = NO;
				ENABLE_STRICT_OBJC_MSGSEND = YES;
				GCC_C_LANGUAGE_STANDARD = gnu11;
				GCC_NO_COMMON_BLOCKS = YES;
				GCC_WARN_64_TO_32_BIT_CONVERSION = YES;
				GCC_WARN_ABOUT_RETURN_TYPE = YES_ERROR;
				GCC_WARN_UNDECLARED_SELECTOR = YES;
				GCC_WARN_UNINITIALIZED_AUTOS = YES_AGGRESSIVE;
				GCC_WARN_UNUSED_FUNCTION = YES;
				GCC_WARN_UNUSED_VARIABLE = YES;
				IPHONEOS_DEPLOYMENT_TARGET = 16.4;
				MTL_ENABLE_DEBUG_INFO = NO;
				MTL_FAST_MATH = YES;
				SDKROOT = iphoneos;
				SWIFT_COMPILATION_MODE = wholemodule;
				SWIFT_OPTIMIZATION_LEVEL = "-O";
				VALIDATE_PRODUCT = YES;
			};
			name = Release;
		};
		65C74E082ADD7AF3001456F3 /* Debug */ = {
			isa = XCBuildConfiguration;
			buildSettings = {
				ASSETCATALOG_COMPILER_APPICON_NAME = AppIcon;
				ASSETCATALOG_COMPILER_GLOBAL_ACCENT_COLOR_NAME = AccentColor;
				CODE_SIGN_STYLE = Automatic;
				CURRENT_PROJECT_VERSION = 1;
				DEVELOPMENT_TEAM = C575D4X2BC;
				GENERATE_INFOPLIST_FILE = YES;
				INFOPLIST_FILE = "Netflix Clone/Info.plist";
				INFOPLIST_KEY_UIApplicationSupportsIndirectInputEvents = YES;
				INFOPLIST_KEY_UILaunchStoryboardName = LaunchScreen;
				INFOPLIST_KEY_UIMainStoryboardFile = "";
				INFOPLIST_KEY_UISupportedInterfaceOrientations_iPad = "UIInterfaceOrientationPortrait UIInterfaceOrientationPortraitUpsideDown UIInterfaceOrientationLandscapeLeft UIInterfaceOrientationLandscapeRight";
				INFOPLIST_KEY_UISupportedInterfaceOrientations_iPhone = "UIInterfaceOrientationPortrait UIInterfaceOrientationLandscapeLeft UIInterfaceOrientationLandscapeRight";
				IPHONEOS_DEPLOYMENT_TARGET = 13.0;
				LD_RUNPATH_SEARCH_PATHS = (
					"$(inherited)",
					"@executable_path/Frameworks",
				);
				MARKETING_VERSION = 1.0;
				PRODUCT_BUNDLE_IDENTIFIER = "co.dinhdung07.Netflix-Clone";
				PRODUCT_NAME = "$(TARGET_NAME)";
				SWIFT_EMIT_LOC_STRINGS = YES;
				SWIFT_VERSION = 5.0;
				TARGETED_DEVICE_FAMILY = "1,2";
			};
			name = Debug;
		};
		65C74E092ADD7AF3001456F3 /* Release */ = {
			isa = XCBuildConfiguration;
			buildSettings = {
				ASSETCATALOG_COMPILER_APPICON_NAME = AppIcon;
				ASSETCATALOG_COMPILER_GLOBAL_ACCENT_COLOR_NAME = AccentColor;
				CODE_SIGN_STYLE = Automatic;
				CURRENT_PROJECT_VERSION = 1;
				DEVELOPMENT_TEAM = C575D4X2BC;
				GENERATE_INFOPLIST_FILE = YES;
				INFOPLIST_FILE = "Netflix Clone/Info.plist";
				INFOPLIST_KEY_UIApplicationSupportsIndirectInputEvents = YES;
				INFOPLIST_KEY_UILaunchStoryboardName = LaunchScreen;
				INFOPLIST_KEY_UIMainStoryboardFile = "";
				INFOPLIST_KEY_UISupportedInterfaceOrientations_iPad = "UIInterfaceOrientationPortrait UIInterfaceOrientationPortraitUpsideDown UIInterfaceOrientationLandscapeLeft UIInterfaceOrientationLandscapeRight";
				INFOPLIST_KEY_UISupportedInterfaceOrientations_iPhone = "UIInterfaceOrientationPortrait UIInterfaceOrientationLandscapeLeft UIInterfaceOrientationLandscapeRight";
				IPHONEOS_DEPLOYMENT_TARGET = 13.0;
				LD_RUNPATH_SEARCH_PATHS = (
					"$(inherited)",
					"@executable_path/Frameworks",
				);
				MARKETING_VERSION = 1.0;
				PRODUCT_BUNDLE_IDENTIFIER = "co.dinhdung07.Netflix-Clone";
				PRODUCT_NAME = "$(TARGET_NAME)";
				SWIFT_EMIT_LOC_STRINGS = YES;
				SWIFT_VERSION = 5.0;
				TARGETED_DEVICE_FAMILY = "1,2";
			};
			name = Release;
		};
		65C74E0B2ADD7AF3001456F3 /* Debug */ = {
			isa = XCBuildConfiguration;
			buildSettings = {
				ALWAYS_EMBED_SWIFT_STANDARD_LIBRARIES = YES;
				BUNDLE_LOADER = "$(TEST_HOST)";
				CODE_SIGN_STYLE = Automatic;
				CURRENT_PROJECT_VERSION = 1;
				DEVELOPMENT_TEAM = C575D4X2BC;
				GENERATE_INFOPLIST_FILE = YES;
				IPHONEOS_DEPLOYMENT_TARGET = 16.4;
				MARKETING_VERSION = 1.0;
				PRODUCT_BUNDLE_IDENTIFIER = "co.dinhdung07.Netflix-CloneTests";
				PRODUCT_NAME = "$(TARGET_NAME)";
				SWIFT_EMIT_LOC_STRINGS = NO;
				SWIFT_VERSION = 5.0;
				TARGETED_DEVICE_FAMILY = "1,2";
				TEST_HOST = "$(BUILT_PRODUCTS_DIR)/Netflix Clone.app/$(BUNDLE_EXECUTABLE_FOLDER_PATH)/Netflix Clone";
			};
			name = Debug;
		};
		65C74E0C2ADD7AF3001456F3 /* Release */ = {
			isa = XCBuildConfiguration;
			buildSettings = {
				ALWAYS_EMBED_SWIFT_STANDARD_LIBRARIES = YES;
				BUNDLE_LOADER = "$(TEST_HOST)";
				CODE_SIGN_STYLE = Automatic;
				CURRENT_PROJECT_VERSION = 1;
				DEVELOPMENT_TEAM = C575D4X2BC;
				GENERATE_INFOPLIST_FILE = YES;
				IPHONEOS_DEPLOYMENT_TARGET = 16.4;
				MARKETING_VERSION = 1.0;
				PRODUCT_BUNDLE_IDENTIFIER = "co.dinhdung07.Netflix-CloneTests";
				PRODUCT_NAME = "$(TARGET_NAME)";
				SWIFT_EMIT_LOC_STRINGS = NO;
				SWIFT_VERSION = 5.0;
				TARGETED_DEVICE_FAMILY = "1,2";
				TEST_HOST = "$(BUILT_PRODUCTS_DIR)/Netflix Clone.app/$(BUNDLE_EXECUTABLE_FOLDER_PATH)/Netflix Clone";
			};
			name = Release;
		};
		65C74E0E2ADD7AF3001456F3 /* Debug */ = {
			isa = XCBuildConfiguration;
			buildSettings = {
				ALWAYS_EMBED_SWIFT_STANDARD_LIBRARIES = YES;
				CODE_SIGN_STYLE = Automatic;
				CURRENT_PROJECT_VERSION = 1;
				DEVELOPMENT_TEAM = C575D4X2BC;
				GENERATE_INFOPLIST_FILE = YES;
				MARKETING_VERSION = 1.0;
				PRODUCT_BUNDLE_IDENTIFIER = "co.dinhdung07.Netflix-CloneUITests";
				PRODUCT_NAME = "$(TARGET_NAME)";
				SWIFT_EMIT_LOC_STRINGS = NO;
				SWIFT_VERSION = 5.0;
				TARGETED_DEVICE_FAMILY = "1,2";
				TEST_TARGET_NAME = "Netflix Clone";
			};
			name = Debug;
		};
		65C74E0F2ADD7AF3001456F3 /* Release */ = {
			isa = XCBuildConfiguration;
			buildSettings = {
				ALWAYS_EMBED_SWIFT_STANDARD_LIBRARIES = YES;
				CODE_SIGN_STYLE = Automatic;
				CURRENT_PROJECT_VERSION = 1;
				DEVELOPMENT_TEAM = C575D4X2BC;
				GENERATE_INFOPLIST_FILE = YES;
				MARKETING_VERSION = 1.0;
				PRODUCT_BUNDLE_IDENTIFIER = "co.dinhdung07.Netflix-CloneUITests";
				PRODUCT_NAME = "$(TARGET_NAME)";
				SWIFT_EMIT_LOC_STRINGS = NO;
				SWIFT_VERSION = 5.0;
				TARGETED_DEVICE_FAMILY = "1,2";
				TEST_TARGET_NAME = "Netflix Clone";
			};
			name = Release;
		};
/* End XCBuildConfiguration section */

/* Begin XCConfigurationList section */
		65C74DD82ADD7AF2001456F3 /* Build configuration list for PBXProject "Netflix Clone" */ = {
			isa = XCConfigurationList;
			buildConfigurations = (
				65C74E052ADD7AF3001456F3 /* Debug */,
				65C74E062ADD7AF3001456F3 /* Release */,
			);
			defaultConfigurationIsVisible = 0;
			defaultConfigurationName = Release;
		};
		65C74E072ADD7AF3001456F3 /* Build configuration list for PBXNativeTarget "Netflix Clone" */ = {
			isa = XCConfigurationList;
			buildConfigurations = (
				65C74E082ADD7AF3001456F3 /* Debug */,
				65C74E092ADD7AF3001456F3 /* Release */,
			);
			defaultConfigurationIsVisible = 0;
			defaultConfigurationName = Release;
		};
		65C74E0A2ADD7AF3001456F3 /* Build configuration list for PBXNativeTarget "Netflix CloneTests" */ = {
			isa = XCConfigurationList;
			buildConfigurations = (
				65C74E0B2ADD7AF3001456F3 /* Debug */,
				65C74E0C2ADD7AF3001456F3 /* Release */,
			);
			defaultConfigurationIsVisible = 0;
			defaultConfigurationName = Release;
		};
		65C74E0D2ADD7AF3001456F3 /* Build configuration list for PBXNativeTarget "Netflix CloneUITests" */ = {
			isa = XCConfigurationList;
			buildConfigurations = (
				65C74E0E2ADD7AF3001456F3 /* Debug */,
				65C74E0F2ADD7AF3001456F3 /* Release */,
			);
			defaultConfigurationIsVisible = 0;
			defaultConfigurationName = Release;
		};
/* End XCConfigurationList section */
	};
	rootObject = 65C74DD52ADD7AF2001456F3 /* Project object */;
}
